
Microsoft Visual Studio Solution File, Format Version 12.00
# Visual Studio Version 17
VisualStudioVersion = 17.3.32922.545
MinimumVisualStudioVersion = 10.0.40219.1
Project("{9A19103F-16F7-4668-BE54-9A1E7A4F7556}") = "SambaProject", "SambaProject.csproj", "{58597D75-E2B3-4196-A67A-D5808BC52BDA}"
EndProject
Global
	GlobalSection(SolutionConfigurationPlatforms) = preSolution
		Debug|Any CPU = Debug|Any CPU
		Release|Any CPU = Release|Any CPU
	EndGlobalSection
	GlobalSection(ProjectConfigurationPlatforms) = postSolution
		{58597D75-E2B3-4196-A67A-D5808BC52BDA}.Debug|Any CPU.ActiveCfg = Debug|Any CPU
		{58597D75-E2B3-4196-A67A-D5808BC52BDA}.Debug|Any CPU.Build.0 = Debug|Any CPU
		{58597D75-E2B3-4196-A67A-D5808BC52BDA}.Release|Any CPU.ActiveCfg = Release|Any CPU
		{58597D75-E2B3-4196-A67A-D5808BC52BDA}.Release|Any CPU.Build.0 = Release|Any CPU
	EndGlobalSection
	GlobalSection(SolutionProperties) = preSolution
		HideSolutionNode = FALSE
	EndGlobalSection
	GlobalSection(ExtensibilityGlobals) = postSolution
		SolutionGuid = {ED031D87-FB4B-4666-91B7-625342787141}
	EndGlobalSection
EndGlobal
